
Microsoft Visual Studio Solution File, Format Version 12.00
# Visual Studio Version 17
VisualStudioVersion = 17.7.34031.279
MinimumVisualStudioVersion = 10.0.40219.1
Project("{8BC9CEB8-8B4A-11D0-8D11-00A0C91BC942}") = "Sem3_Laba5_WinAPI_sphere", "Sem3_Laba5_WinAPI_sphere.vcxproj", "{19F18860-B152-477F-968E-4085C9D89370}"
EndProject
Global
	GlobalSection(SolutionConfigurationPlatforms) = preSolution
		Debug|x64 = Debug|x64
		Debug|x86 = Debug|x86
		Release|x64 = Release|x64
		Release|x86 = Release|x86
	EndGlobalSection
	GlobalSection(ProjectConfigurationPlatforms) = postSolution
		{19F18860-B152-477F-968E-4085C9D89370}.Debug|x64.ActiveCfg = Debug|x64
		{19F18860-B152-477F-968E-4085C9D89370}.Debug|x64.Build.0 = Debug|x64
		{19F18860-B152-477F-968E-4085C9D89370}.Debug|x86.ActiveCfg = Debug|Win32
		{19F18860-B152-477F-968E-4085C9D89370}.Debug|x86.Build.0 = Debug|Win32
		{19F18860-B152-477F-968E-4085C9D89370}.Release|x64.ActiveCfg = Release|x64
		{19F18860-B152-477F-968E-4085C9D89370}.Release|x64.Build.0 = Release|x64
		{19F18860-B152-477F-968E-4085C9D89370}.Release|x86.ActiveCfg = Release|Win32
		{19F18860-B152-477F-968E-4085C9D89370}.Release|x86.Build.0 = Release|Win32
	EndGlobalSection
	GlobalSection(SolutionProperties) = preSolution
		HideSolutionNode = FALSE
	EndGlobalSection
	GlobalSection(ExtensibilityGlobals) = postSolution
		SolutionGuid = {D1E5CE66-A3C7-4F52-95C9-A334AB80DB09}
	EndGlobalSection
EndGlobal
