
Microsoft Visual Studio Solution File, Format Version 12.00
# Visual Studio Version 17
VisualStudioVersion = 17.7.34031.279
MinimumVisualStudioVersion = 10.0.40219.1
Project("{8BC9CEB8-8B4A-11D0-8D11-00A0C91BC942}") = "baseAvtobus", "baseAvtobus.vcxproj", "{CE60E6DF-9022-421F-AF83-567BA98639CA}"
EndProject
Global
	GlobalSection(SolutionConfigurationPlatforms) = preSolution
		Debug|x64 = Debug|x64
		Release|x64 = Release|x64
	EndGlobalSection
	GlobalSection(ProjectConfigurationPlatforms) = postSolution
		{CE60E6DF-9022-421F-AF83-567BA98639CA}.Debug|x64.ActiveCfg = Debug|x64
		{CE60E6DF-9022-421F-AF83-567BA98639CA}.Debug|x64.Build.0 = Debug|x64
		{CE60E6DF-9022-421F-AF83-567BA98639CA}.Release|x64.ActiveCfg = Release|x64
		{CE60E6DF-9022-421F-AF83-567BA98639CA}.Release|x64.Build.0 = Release|x64
	EndGlobalSection
	GlobalSection(SolutionProperties) = preSolution
		HideSolutionNode = FALSE
	EndGlobalSection
	GlobalSection(ExtensibilityGlobals) = postSolution
		SolutionGuid = {3E022497-0AEA-4DDA-8699-F361209B35F0}
	EndGlobalSection
EndGlobal
